// !$*UTF8*$!
{
	archiveVersion = 1;
	classes = {
	};
	objectVersion = 48;
	objects = {

/* Begin PBXBuildFile section */
		A282280420BD2F0300219EAF /* AppDelegate.m in Sources */ = {isa = PBXBuildFile; fileRef = A282280320BD2F0300219EAF /* AppDelegate.m */; };
		A282280D20BD2F0300219EAF /* architectureInstance.xcdatamodeld in Sources */ = {isa = PBXBuildFile; fileRef = A282280B20BD2F0300219EAF /* architectureInstance.xcdatamodeld */; };
		A282280F20BD2F0300219EAF /* Assets.xcassets in Resources */ = {isa = PBXBuildFile; fileRef = A282280E20BD2F0300219EAF /* Assets.xcassets */; };
		A282281220BD2F0300219EAF /* LaunchScreen.storyboard in Resources */ = {isa = PBXBuildFile; fileRef = A282281020BD2F0300219EAF /* LaunchScreen.storyboard */; };
		A282281520BD2F0300219EAF /* main.m in Sources */ = {isa = PBXBuildFile; fileRef = A282281420BD2F0300219EAF /* main.m */; };
		A282281E20BD306B00219EAF /* UIView+add.m in Sources */ = {isa = PBXBuildFile; fileRef = A282281D20BD306B00219EAF /* UIView+add.m */; };
		A282283520BD30A600219EAF /* SKFFPSLabel.m in Sources */ = {isa = PBXBuildFile; fileRef = A282282A20BD30A500219EAF /* SKFFPSLabel.m */; };
		A282283620BD30A600219EAF /* TYFrameworkViewController.m in Sources */ = {isa = PBXBuildFile; fileRef = A282282C20BD30A500219EAF /* TYFrameworkViewController.m */; };
		A282283720BD30A600219EAF /* TYViewController.m in Sources */ = {isa = PBXBuildFile; fileRef = A282282D20BD30A500219EAF /* TYViewController.m */; };
		A282283820BD30A600219EAF /* TYCommonalityViewController.m in Sources */ = {isa = PBXBuildFile; fileRef = A282282F20BD30A500219EAF /* TYCommonalityViewController.m */; };
		A282283920BD30A600219EAF /* TYSubclassTableViewCell.m in Sources */ = {isa = PBXBuildFile; fileRef = A282283020BD30A600219EAF /* TYSubclassTableViewCell.m */; };
		A282283A20BD30A600219EAF /* ViewController.m in Sources */ = {isa = PBXBuildFile; fileRef = A282283120BD30A600219EAF /* ViewController.m */; };
		A282283B20BD30A600219EAF /* TYTableViewCell.m in Sources */ = {isa = PBXBuildFile; fileRef = A282283320BD30A600219EAF /* TYTableViewCell.m */; };
		A285E61020C63A490086D15A /* cellData.json in Resources */ = {isa = PBXBuildFile; fileRef = A285E60F20C63A490086D15A /* cellData.json */; };
		A285E61220C6721E0086D15A /* 0.png in Resources */ = {isa = PBXBuildFile; fileRef = A285E61120C6721D0086D15A /* 0.png */; };
		A285E61520C6722B0086D15A /* 28.png in Resources */ = {isa = PBXBuildFile; fileRef = A285E61320C6722A0086D15A /* 28.png */; };
		A285E61620C6722B0086D15A /* 27.png in Resources */ = {isa = PBXBuildFile; fileRef = A285E61420C6722A0086D15A /* 27.png */; };
		A285E61920C6808B0086D15A /* TYImageViewViewController.m in Sources */ = {isa = PBXBuildFile; fileRef = A285E61820C6808B0086D15A /* TYImageViewViewController.m */; };
		A2A5D0E420BF98D600B31EE9 /* 1.png in Resources */ = {isa = PBXBuildFile; fileRef = A2A5D0E320BF98D600B31EE9 /* 1.png */; };
		A2A5D0E620BF9AAB00B31EE9 /* contentData.json in Resources */ = {isa = PBXBuildFile; fileRef = A2A5D0E520BF9AAB00B31EE9 /* contentData.json */; };
		A2A5D0E920BF9BD900B31EE9 /* TYJsonData.m in Sources */ = {isa = PBXBuildFile; fileRef = A2A5D0E820BF9BD900B31EE9 /* TYJsonData.m */; };
		A2A5D0EC20BF9E2300B31EE9 /* TYInstanceDataModel.m in Sources */ = {isa = PBXBuildFile; fileRef = A2A5D0EB20BF9E2300B31EE9 /* TYInstanceDataModel.m */; };
		A2AC922420C0E37E0083D931 /* TYViewModelLayout.m in Sources */ = {isa = PBXBuildFile; fileRef = A2AC922320C0E37E0083D931 /* TYViewModelLayout.m */; };
		A2B7A78E20C4DA5800003BBF /* TYInstancaProcessData.m in Sources */ = {isa = PBXBuildFile; fileRef = A2B7A78D20C4DA5800003BBF /* TYInstancaProcessData.m */; };
		A2B7A79120C51D6900003BBF /* TYFrameworkCellViewController.m in Sources */ = {isa = PBXBuildFile; fileRef = A2B7A79020C51D6900003BBF /* TYFrameworkCellViewController.m */; };
		A2B7A79420C52A5E00003BBF /* TYFrameworkCellTableViewCell.m in Sources */ = {isa = PBXBuildFile; fileRef = A2B7A79320C52A5E00003BBF /* TYFrameworkCellTableViewCell.m */; };
		A2B7A79720C52BCB00003BBF /* TYFrameworkCellLayoutView.m in Sources */ = {isa = PBXBuildFile; fileRef = A2B7A79620C52BCB00003BBF /* TYFrameworkCellLayoutView.m */; };
		A2B7A79A20C534A100003BBF /* TYFrameworkCellModel.m in Sources */ = {isa = PBXBuildFile; fileRef = A2B7A79920C534A100003BBF /* TYFrameworkCellModel.m */; };
		A2B7A79C20C534E600003BBF /* frameworkContent.json in Resources */ = {isa = PBXBuildFile; fileRef = A2B7A79B20C534E600003BBF /* frameworkContent.json */; };
		A2B7A7B820C53CF800003BBF /* 14.png in Resources */ = {isa = PBXBuildFile; fileRef = A2B7A79E20C53CF700003BBF /* 14.png */; };
		A2B7A7B920C53CF800003BBF /* 23.png in Resources */ = {isa = PBXBuildFile; fileRef = A2B7A79F20C53CF700003BBF /* 23.png */; };
		A2B7A7BA20C53CF800003BBF /* 13.png in Resources */ = {isa = PBXBuildFile; fileRef = A2B7A7A020C53CF700003BBF /* 13.png */; };
		A2B7A7BB20C53CF800003BBF /* 2.png in Resources */ = {isa = PBXBuildFile; fileRef = A2B7A7A120C53CF700003BBF /* 2.png */; };
		A2B7A7BC20C53CF800003BBF /* 9.png in Resources */ = {isa = PBXBuildFile; fileRef = A2B7A7A220C53CF700003BBF /* 9.png */; };
		A2B7A7BD20C53CF800003BBF /* 10.png in Resources */ = {isa = PBXBuildFile; fileRef = A2B7A7A320C53CF700003BBF /* 10.png */; };
		A2B7A7BE20C53CF800003BBF /* 20.png in Resources */ = {isa = PBXBuildFile; fileRef = A2B7A7A420C53CF700003BBF /* 20.png */; };
		A2B7A7BF20C53CF800003BBF /* 11.png in Resources */ = {isa = PBXBuildFile; fileRef = A2B7A7A520C53CF700003BBF /* 11.png */; };
		A2B7A7C020C53CF800003BBF /* 21.png in Resources */ = {isa = PBXBuildFile; fileRef = A2B7A7A620C53CF700003BBF /* 21.png */; };
		A2B7A7C120C53CF800003BBF /* 5.png in Resources */ = {isa = PBXBuildFile; fileRef = A2B7A7A720C53CF800003BBF /* 5.png */; };
		A2B7A7C220C53CF800003BBF /* 6.png in Resources */ = {isa = PBXBuildFile; fileRef = A2B7A7A820C53CF800003BBF /* 6.png */; };
		A2B7A7C320C53CF800003BBF /* 16.png in Resources */ = {isa = PBXBuildFile; fileRef = A2B7A7A920C53CF800003BBF /* 16.png */; };
		A2B7A7C420C53CF800003BBF /* 4.png in Resources */ = {isa = PBXBuildFile; fileRef = A2B7A7AA20C53CF800003BBF /* 4.png */; };
		A2B7A7C520C53CF800003BBF /* 18.png in Resources */ = {isa = PBXBuildFile; fileRef = A2B7A7AB20C53CF800003BBF /* 18.png */; };
		A2B7A7C620C53CF800003BBF /* 26.png in Resources */ = {isa = PBXBuildFile; fileRef = A2B7A7AC20C53CF800003BBF /* 26.png */; };
		A2B7A7C720C53CF800003BBF /* 3.jpg in Resources */ = {isa = PBXBuildFile; fileRef = A2B7A7AD20C53CF800003BBF /* 3.jpg */; };
		A2B7A7C820C53CF800003BBF /* 1.png in Resources */ = {isa = PBXBuildFile; fileRef = A2B7A7AE20C53CF800003BBF /* 1.png */; };
		A2B7A7C920C53CF800003BBF /* 15.png in Resources */ = {isa = PBXBuildFile; fileRef = A2B7A7AF20C53CF800003BBF /* 15.png */; };
		A2B7A7CA20C53CF800003BBF /* 8.png in Resources */ = {isa = PBXBuildFile; fileRef = A2B7A7B020C53CF800003BBF /* 8.png */; };
		A2B7A7CB20C53CF800003BBF /* 25.png in Resources */ = {isa = PBXBuildFile; fileRef = A2B7A7B120C53CF800003BBF /* 25.png */; };
		A2B7A7CC20C53CF800003BBF /* 7.png in Resources */ = {isa = PBXBuildFile; fileRef = A2B7A7B220C53CF800003BBF /* 7.png */; };
		A2B7A7CD20C53CF800003BBF /* 12.png in Resources */ = {isa = PBXBuildFile; fileRef = A2B7A7B320C53CF800003BBF /* 12.png */; };
		A2B7A7CE20C53CF800003BBF /* 17.png in Resources */ = {isa = PBXBuildFile; fileRef = A2B7A7B420C53CF800003BBF /* 17.png */; };
		A2B7A7CF20C53CF800003BBF /* 22.png in Resources */ = {isa = PBXBuildFile; fileRef = A2B7A7B520C53CF800003BBF /* 22.png */; };
		A2B7A7D020C53CF800003BBF /* 24.png in Resources */ = {isa = PBXBuildFile; fileRef = A2B7A7B620C53CF800003BBF /* 24.png */; };
		A2B7A7D120C53CF800003BBF /* 19.png in Resources */ = {isa = PBXBuildFile; fileRef = A2B7A7B720C53CF800003BBF /* 19.png */; };
		A2B7A7D420C5447D00003BBF /* TYFrameworkModelLayout.m in Sources */ = {isa = PBXBuildFile; fileRef = A2B7A7D320C5447D00003BBF /* TYFrameworkModelLayout.m */; };
		A2E0218C20BE8FDA008EA624 /* TYInstancePlatformView.m in Sources */ = {isa = PBXBuildFile; fileRef = A2E0218B20BE8FDA008EA624 /* TYInstancePlatformView.m */; };
		A2E0219320BE9189008EA624 /* TYModel.m in Sources */ = {isa = PBXBuildFile; fileRef = A2E0219220BE9189008EA624 /* TYModel.m */; };
		A2E0219620BE98DC008EA624 /* content.json in Resources */ = {isa = PBXBuildFile; fileRef = A2E0219520BE98DC008EA624 /* content.json */; };
		A2E0219B20BEA2D0008EA624 /* TYInstanceLayoutView.m in Sources */ = {isa = PBXBuildFile; fileRef = A2E0219A20BEA2D0008EA624 /* TYInstanceLayoutView.m */; };
/* End PBXBuildFile section */

/* Begin PBXFileReference section */
		A28227FF20BD2F0300219EAF /* architectureInstance.app */ = {isa = PBXFileReference; explicitFileType = wrapper.application; includeInIndex = 0; path = architectureInstance.app; sourceTree = BUILT_PRODUCTS_DIR; };
		A282280220BD2F0300219EAF /* AppDelegate.h */ = {isa = PBXFileReference; lastKnownFileType = sourcecode.c.h; path = AppDelegate.h; sourceTree = "<group>"; };
		A282280320BD2F0300219EAF /* AppDelegate.m */ = {isa = PBXFileReference; lastKnownFileType = sourcecode.c.objc; path = AppDelegate.m; sourceTree = "<group>"; };
		A282280C20BD2F0300219EAF /* architectureInstance.xcdatamodel */ = {isa = PBXFileReference; lastKnownFileType = wrapper.xcdatamodel; path = architectureInstance.xcdatamodel; sourceTree = "<group>"; };
		A282280E20BD2F0300219EAF /* Assets.xcassets */ = {isa = PBXFileReference; lastKnownFileType = folder.assetcatalog; path = Assets.xcassets; sourceTree = "<group>"; };
		A282281120BD2F0300219EAF /* Base */ = {isa = PBXFileReference; lastKnownFileType = file.storyboard; name = Base; path = Base.lproj/LaunchScreen.storyboard; sourceTree = "<group>"; };
		A282281320BD2F0300219EAF /* Info.plist */ = {isa = PBXFileReference; lastKnownFileType = text.plist.xml; path = Info.plist; sourceTree = "<group>"; };
		A282281420BD2F0300219EAF /* main.m */ = {isa = PBXFileReference; lastKnownFileType = sourcecode.c.objc; path = main.m; sourceTree = "<group>"; };
		A282281C20BD306B00219EAF /* UIView+add.h */ = {isa = PBXFileReference; fileEncoding = 4; lastKnownFileType = sourcecode.c.h; path = "UIView+add.h"; sourceTree = "<group>"; };
		A282281D20BD306B00219EAF /* UIView+add.m */ = {isa = PBXFileReference; fileEncoding = 4; lastKnownFileType = sourcecode.c.objc; path = "UIView+add.m"; sourceTree = "<group>"; };
		A282282620BD30A500219EAF /* Introduction.h */ = {isa = PBXFileReference; fileEncoding = 4; lastKnownFileType = sourcecode.c.h; path = Introduction.h; sourceTree = "<group>"; };
		A282282720BD30A500219EAF /* SKFFPSLabel.h */ = {isa = PBXFileReference; fileEncoding = 4; lastKnownFileType = sourcecode.c.h; path = SKFFPSLabel.h; sourceTree = "<group>"; };
		A282282820BD30A500219EAF /* TYCommonalityViewController.h */ = {isa = PBXFileReference; fileEncoding = 4; lastKnownFileType = sourcecode.c.h; path = TYCommonalityViewController.h; sourceTree = "<group>"; };
		A282282920BD30A500219EAF /* TYFrameworkViewController.h */ = {isa = PBXFileReference; fileEncoding = 4; lastKnownFileType = sourcecode.c.h; path = TYFrameworkViewController.h; sourceTree = "<group>"; };
		A282282A20BD30A500219EAF /* SKFFPSLabel.m */ = {isa = PBXFileReference; fileEncoding = 4; lastKnownFileType = sourcecode.c.objc; path = SKFFPSLabel.m; sourceTree = "<group>"; };
		A282282B20BD30A500219EAF /* TYSubclassTableViewCell.h */ = {isa = PBXFileReference; fileEncoding = 4; lastKnownFileType = sourcecode.c.h; path = TYSubclassTableViewCell.h; sourceTree = "<group>"; };
		A282282C20BD30A500219EAF /* TYFrameworkViewController.m */ = {isa = PBXFileReference; fileEncoding = 4; lastKnownFileType = sourcecode.c.objc; path = TYFrameworkViewController.m; sourceTree = "<group>"; };
		A282282D20BD30A500219EAF /* TYViewController.m */ = {isa = PBXFileReference; fileEncoding = 4; lastKnownFileType = sourcecode.c.objc; path = TYViewController.m; sourceTree = "<group>"; };
		A282282E20BD30A500219EAF /* TYViewController.h */ = {isa = PBXFileReference; fileEncoding = 4; lastKnownFileType = sourcecode.c.h; path = TYViewController.h; sourceTree = "<group>"; };
		A282282F20BD30A500219EAF /* TYCommonalityViewController.m */ = {isa = PBXFileReference; fileEncoding = 4; lastKnownFileType = sourcecode.c.objc; path = TYCommonalityViewController.m; sourceTree = "<group>"; };
		A282283020BD30A600219EAF /* TYSubclassTableViewCell.m */ = {isa = PBXFileReference; fileEncoding = 4; lastKnownFileType = sourcecode.c.objc; path = TYSubclassTableViewCell.m; sourceTree = "<group>"; };
		A282283120BD30A600219EAF /* ViewController.m */ = {isa = PBXFileReference; fileEncoding = 4; lastKnownFileType = sourcecode.c.objc; path = ViewController.m; sourceTree = "<group>"; };
		A282283220BD30A600219EAF /* TYTableViewCell.h */ = {isa = PBXFileReference; fileEncoding = 4; lastKnownFileType = sourcecode.c.h; path = TYTableViewCell.h; sourceTree = "<group>"; };
		A282283320BD30A600219EAF /* TYTableViewCell.m */ = {isa = PBXFileReference; fileEncoding = 4; lastKnownFileType = sourcecode.c.objc; path = TYTableViewCell.m; sourceTree = "<group>"; };
		A282283420BD30A600219EAF /* ViewController.h */ = {isa = PBXFileReference; fileEncoding = 4; lastKnownFileType = sourcecode.c.h; path = ViewController.h; sourceTree = "<group>"; };
		A285E60F20C63A490086D15A /* cellData.json */ = {isa = PBXFileReference; fileEncoding = 4; lastKnownFileType = text.json; path = cellData.json; sourceTree = "<group>"; };
		A285E61120C6721D0086D15A /* 0.png */ = {isa = PBXFileReference; lastKnownFileType = image.png; path = 0.png; sourceTree = "<group>"; };
		A285E61320C6722A0086D15A /* 28.png */ = {isa = PBXFileReference; lastKnownFileType = image.png; path = 28.png; sourceTree = "<group>"; };
		A285E61420C6722A0086D15A /* 27.png */ = {isa = PBXFileReference; lastKnownFileType = image.png; path = 27.png; sourceTree = "<group>"; };
		A285E61720C6808B0086D15A /* TYImageViewViewController.h */ = {isa = PBXFileReference; lastKnownFileType = sourcecode.c.h; path = TYImageViewViewController.h; sourceTree = "<group>"; };
		A285E61820C6808B0086D15A /* TYImageViewViewController.m */ = {isa = PBXFileReference; lastKnownFileType = sourcecode.c.objc; path = TYImageViewViewController.m; sourceTree = "<group>"; };
		A2A5D0E320BF98D600B31EE9 /* 1.png */ = {isa = PBXFileReference; lastKnownFileType = image.png; path = 1.png; sourceTree = "<group>"; };
		A2A5D0E520BF9AAB00B31EE9 /* contentData.json */ = {isa = PBXFileReference; fileEncoding = 4; lastKnownFileType = text.json; path = contentData.json; sourceTree = "<group>"; };
		A2A5D0E720BF9BD900B31EE9 /* TYJsonData.h */ = {isa = PBXFileReference; lastKnownFileType = sourcecode.c.h; path = TYJsonData.h; sourceTree = "<group>"; };
		A2A5D0E820BF9BD900B31EE9 /* TYJsonData.m */ = {isa = PBXFileReference; lastKnownFileType = sourcecode.c.objc; path = TYJsonData.m; sourceTree = "<group>"; };
		A2A5D0EA20BF9E2300B31EE9 /* TYInstanceDataModel.h */ = {isa = PBXFileReference; lastKnownFileType = sourcecode.c.h; path = TYInstanceDataModel.h; sourceTree = "<group>"; };
		A2A5D0EB20BF9E2300B31EE9 /* TYInstanceDataModel.m */ = {isa = PBXFileReference; lastKnownFileType = sourcecode.c.objc; path = TYInstanceDataModel.m; sourceTree = "<group>"; };
		A2AC922220C0E37E0083D931 /* TYViewModelLayout.h */ = {isa = PBXFileReference; lastKnownFileType = sourcecode.c.h; path = TYViewModelLayout.h; sourceTree = "<group>"; };
		A2AC922320C0E37E0083D931 /* TYViewModelLayout.m */ = {isa = PBXFileReference; lastKnownFileType = sourcecode.c.objc; path = TYViewModelLayout.m; sourceTree = "<group>"; };
		A2B7A78C20C4DA5800003BBF /* TYInstancaProcessData.h */ = {isa = PBXFileReference; lastKnownFileType = sourcecode.c.h; path = TYInstancaProcessData.h; sourceTree = "<group>"; };
		A2B7A78D20C4DA5800003BBF /* TYInstancaProcessData.m */ = {isa = PBXFileReference; lastKnownFileType = sourcecode.c.objc; path = TYInstancaProcessData.m; sourceTree = "<group>"; };
		A2B7A78F20C51D6900003BBF /* TYFrameworkCellViewController.h */ = {isa = PBXFileReference; lastKnownFileType = sourcecode.c.h; path = TYFrameworkCellViewController.h; sourceTree = "<group>"; };
		A2B7A79020C51D6900003BBF /* TYFrameworkCellViewController.m */ = {isa = PBXFileReference; lastKnownFileType = sourcecode.c.objc; path = TYFrameworkCellViewController.m; sourceTree = "<group>"; };
		A2B7A79220C52A5E00003BBF /* TYFrameworkCellTableViewCell.h */ = {isa = PBXFileReference; lastKnownFileType = sourcecode.c.h; path = TYFrameworkCellTableViewCell.h; sourceTree = "<group>"; };
		A2B7A79320C52A5E00003BBF /* TYFrameworkCellTableViewCell.m */ = {isa = PBXFileReference; lastKnownFileType = sourcecode.c.objc; path = TYFrameworkCellTableViewCell.m; sourceTree = "<group>"; };
		A2B7A79520C52BCB00003BBF /* TYFrameworkCellLayoutView.h */ = {isa = PBXFileReference; lastKnownFileType = sourcecode.c.h; path = TYFrameworkCellLayoutView.h; sourceTree = "<group>"; };
		A2B7A79620C52BCB00003BBF /* TYFrameworkCellLayoutView.m */ = {isa = PBXFileReference; lastKnownFileType = sourcecode.c.objc; path = TYFrameworkCellLayoutView.m; sourceTree = "<group>"; };
		A2B7A79820C534A100003BBF /* TYFrameworkCellModel.h */ = {isa = PBXFileReference; lastKnownFileType = sourcecode.c.h; path = TYFrameworkCellModel.h; sourceTree = "<group>"; };
		A2B7A79920C534A100003BBF /* TYFrameworkCellModel.m */ = {isa = PBXFileReference; lastKnownFileType = sourcecode.c.objc; path = TYFrameworkCellModel.m; sourceTree = "<group>"; };
		A2B7A79B20C534E600003BBF /* frameworkContent.json */ = {isa = PBXFileReference; fileEncoding = 4; lastKnownFileType = text.json; path = frameworkContent.json; sourceTree = "<group>"; };
		A2B7A79E20C53CF700003BBF /* 14.png */ = {isa = PBXFileReference; lastKnownFileType = image.png; path = 14.png; sourceTree = "<group>"; };
		A2B7A79F20C53CF700003BBF /* 23.png */ = {isa = PBXFileReference; lastKnownFileType = image.png; path = 23.png; sourceTree = "<group>"; };
		A2B7A7A020C53CF700003BBF /* 13.png */ = {isa = PBXFileReference; lastKnownFileType = image.png; path = 13.png; sourceTree = "<group>"; };
		A2B7A7A120C53CF700003BBF /* 2.png */ = {isa = PBXFileReference; lastKnownFileType = image.png; path = 2.png; sourceTree = "<group>"; };
		A2B7A7A220C53CF700003BBF /* 9.png */ = {isa = PBXFileReference; lastKnownFileType = image.png; path = 9.png; sourceTree = "<group>"; };
		A2B7A7A320C53CF700003BBF /* 10.png */ = {isa = PBXFileReference; lastKnownFileType = image.png; path = 10.png; sourceTree = "<group>"; };
		A2B7A7A420C53CF700003BBF /* 20.png */ = {isa = PBXFileReference; lastKnownFileType = image.png; path = 20.png; sourceTree = "<group>"; };
		A2B7A7A520C53CF700003BBF /* 11.png */ = {isa = PBXFileReference; lastKnownFileType = image.png; path = 11.png; sourceTree = "<group>"; };
		A2B7A7A620C53CF700003BBF /* 21.png */ = {isa = PBXFileReference; lastKnownFileType = image.png; path = 21.png; sourceTree = "<group>"; };
		A2B7A7A720C53CF800003BBF /* 5.png */ = {isa = PBXFileReference; lastKnownFileType = image.png; path = 5.png; sourceTree = "<group>"; };
		A2B7A7A820C53CF800003BBF /* 6.png */ = {isa = PBXFileReference; lastKnownFileType = image.png; path = 6.png; sourceTree = "<group>"; };
		A2B7A7A920C53CF800003BBF /* 16.png */ = {isa = PBXFileReference; lastKnownFileType = image.png; path = 16.png; sourceTree = "<group>"; };
		A2B7A7AA20C53CF800003BBF /* 4.png */ = {isa = PBXFileReference; lastKnownFileType = image.png; path = 4.png; sourceTree = "<group>"; };
		A2B7A7AB20C53CF800003BBF /* 18.png */ = {isa = PBXFileReference; lastKnownFileType = image.png; path = 18.png; sourceTree = "<group>"; };
		A2B7A7AC20C53CF800003BBF /* 26.png */ = {isa = PBXFileReference; lastKnownFileType = image.png; path = 26.png; sourceTree = "<group>"; };
		A2B7A7AD20C53CF800003BBF /* 3.jpg */ = {isa = PBXFileReference; lastKnownFileType = image.jpeg; path = 3.jpg; sourceTree = "<group>"; };
		A2B7A7AE20C53CF800003BBF /* 1.png */ = {isa = PBXFileReference; lastKnownFileType = image.png; path = 1.png; sourceTree = "<group>"; };
		A2B7A7AF20C53CF800003BBF /* 15.png */ = {isa = PBXFileReference; lastKnownFileType = image.png; path = 15.png; sourceTree = "<group>"; };
		A2B7A7B020C53CF800003BBF /* 8.png */ = {isa = PBXFileReference; lastKnownFileType = image.png; path = 8.png; sourceTree = "<group>"; };
		A2B7A7B120C53CF800003BBF /* 25.png */ = {isa = PBXFileReference; lastKnownFileType = image.png; path = 25.png; sourceTree = "<group>"; };
		A2B7A7B220C53CF800003BBF /* 7.png */ = {isa = PBXFileReference; lastKnownFileType = image.png; path = 7.png; sourceTree = "<group>"; };
		A2B7A7B320C53CF800003BBF /* 12.png */ = {isa = PBXFileReference; lastKnownFileType = image.png; path = 12.png; sourceTree = "<group>"; };
		A2B7A7B420C53CF800003BBF /* 17.png */ = {isa = PBXFileReference; lastKnownFileType = image.png; path = 17.png; sourceTree = "<group>"; };
		A2B7A7B520C53CF800003BBF /* 22.png */ = {isa = PBXFileReference; lastKnownFileType = image.png; path = 22.png; sourceTree = "<group>"; };
		A2B7A7B620C53CF800003BBF /* 24.png */ = {isa = PBXFileReference; lastKnownFileType = image.png; path = 24.png; sourceTree = "<group>"; };
		A2B7A7B720C53CF800003BBF /* 19.png */ = {isa = PBXFileReference; lastKnownFileType = image.png; path = 19.png; sourceTree = "<group>"; };
		A2B7A7D220C5447D00003BBF /* TYFrameworkModelLayout.h */ = {isa = PBXFileReference; lastKnownFileType = sourcecode.c.h; path = TYFrameworkModelLayout.h; sourceTree = "<group>"; };
		A2B7A7D320C5447D00003BBF /* TYFrameworkModelLayout.m */ = {isa = PBXFileReference; lastKnownFileType = sourcecode.c.objc; path = TYFrameworkModelLayout.m; sourceTree = "<group>"; };
		A2E0218A20BE8FDA008EA624 /* TYInstancePlatformView.h */ = {isa = PBXFileReference; lastKnownFileType = sourcecode.c.h; path = TYInstancePlatformView.h; sourceTree = "<group>"; };
		A2E0218B20BE8FDA008EA624 /* TYInstancePlatformView.m */ = {isa = PBXFileReference; lastKnownFileType = sourcecode.c.objc; path = TYInstancePlatformView.m; sourceTree = "<group>"; };
		A2E0219120BE9189008EA624 /* TYModel.h */ = {isa = PBXFileReference; lastKnownFileType = sourcecode.c.h; path = TYModel.h; sourceTree = "<group>"; };
		A2E0219220BE9189008EA624 /* TYModel.m */ = {isa = PBXFileReference; lastKnownFileType = sourcecode.c.objc; path = TYModel.m; sourceTree = "<group>"; };
		A2E0219520BE98DC008EA624 /* content.json */ = {isa = PBXFileReference; fileEncoding = 4; lastKnownFileType = text.json; path = content.json; sourceTree = "<group>"; };
		A2E0219920BEA2D0008EA624 /* TYInstanceLayoutView.h */ = {isa = PBXFileReference; lastKnownFileType = sourcecode.c.h; path = TYInstanceLayoutView.h; sourceTree = "<group>"; };
		A2E0219A20BEA2D0008EA624 /* TYInstanceLayoutView.m */ = {isa = PBXFileReference; lastKnownFileType = sourcecode.c.objc; path = TYInstanceLayoutView.m; sourceTree = "<group>"; };
/* End PBXFileReference section */

/* Begin PBXFrameworksBuildPhase section */
		A28227FC20BD2F0300219EAF /* Frameworks */ = {
			isa = PBXFrameworksBuildPhase;
			buildActionMask = 2147483647;
			files = (
			);
			runOnlyForDeploymentPostprocessing = 0;
		};
/* End PBXFrameworksBuildPhase section */

/* Begin PBXGroup section */
		A28227F620BD2F0300219EAF = {
			isa = PBXGroup;
			children = (
				A282280120BD2F0300219EAF /* architectureInstance */,
				A282280020BD2F0300219EAF /* Products */,
			);
			sourceTree = "<group>";
		};
		A282280020BD2F0300219EAF /* Products */ = {
			isa = PBXGroup;
			children = (
				A28227FF20BD2F0300219EAF /* architectureInstance.app */,
			);
			name = Products;
			sourceTree = "<group>";
		};
		A282280120BD2F0300219EAF /* architectureInstance */ = {
			isa = PBXGroup;
			children = (
				A282280220BD2F0300219EAF /* AppDelegate.h */,
				A282280320BD2F0300219EAF /* AppDelegate.m */,
				A282282720BD30A500219EAF /* SKFFPSLabel.h */,
				A282282A20BD30A500219EAF /* SKFFPSLabel.m */,
				A282282820BD30A500219EAF /* TYCommonalityViewController.h */,
				A282282F20BD30A500219EAF /* TYCommonalityViewController.m */,
				A282282920BD30A500219EAF /* TYFrameworkViewController.h */,
				A282282C20BD30A500219EAF /* TYFrameworkViewController.m */,
				A2B7A78F20C51D6900003BBF /* TYFrameworkCellViewController.h */,
				A2B7A79020C51D6900003BBF /* TYFrameworkCellViewController.m */,
				A282282B20BD30A500219EAF /* TYSubclassTableViewCell.h */,
				A282283020BD30A600219EAF /* TYSubclassTableViewCell.m */,
				A285E61720C6808B0086D15A /* TYImageViewViewController.h */,
				A285E61820C6808B0086D15A /* TYImageViewViewController.m */,
				A282283220BD30A600219EAF /* TYTableViewCell.h */,
				A282283320BD30A600219EAF /* TYTableViewCell.m */,
				A282282E20BD30A500219EAF /* TYViewController.h */,
				A282282D20BD30A500219EAF /* TYViewController.m */,
				A282283420BD30A600219EAF /* ViewController.h */,
				A282283120BD30A600219EAF /* ViewController.m */,
				A2AC922120C0E2A20083D931 /* ModelLayout */,
				A2E0219420BE9887008EA624 /* Data */,
				A2E0218D20BE908C008EA624 /* Model */,
				A282281F20BD307100219EAF /* View */,
				A282281B20BD306B00219EAF /* layout */,
				A2B7A79D20C53CB000003BBF /* Material */,
				A282280E20BD2F0300219EAF /* Assets.xcassets */,
				A282281020BD2F0300219EAF /* LaunchScreen.storyboard */,
				A282281320BD2F0300219EAF /* Info.plist */,
				A282281420BD2F0300219EAF /* main.m */,
				A282282620BD30A500219EAF /* Introduction.h */,
				A282280B20BD2F0300219EAF /* architectureInstance.xcdatamodeld */,
			);
			path = architectureInstance;
			sourceTree = "<group>";
		};
		A282281B20BD306B00219EAF /* layout */ = {
			isa = PBXGroup;
			children = (
				A282281C20BD306B00219EAF /* UIView+add.h */,
				A282281D20BD306B00219EAF /* UIView+add.m */,
			);
			path = layout;
			sourceTree = "<group>";
		};
		A282281F20BD307100219EAF /* View */ = {
			isa = PBXGroup;
			children = (
				A2B7A78B20C4D9F500003BBF /* ProcessData */,
				A2E0218A20BE8FDA008EA624 /* TYInstancePlatformView.h */,
				A2E0218B20BE8FDA008EA624 /* TYInstancePlatformView.m */,
				A2E0219920BEA2D0008EA624 /* TYInstanceLayoutView.h */,
				A2E0219A20BEA2D0008EA624 /* TYInstanceLayoutView.m */,
				A2B7A79220C52A5E00003BBF /* TYFrameworkCellTableViewCell.h */,
				A2B7A79320C52A5E00003BBF /* TYFrameworkCellTableViewCell.m */,
				A2B7A79520C52BCB00003BBF /* TYFrameworkCellLayoutView.h */,
				A2B7A79620C52BCB00003BBF /* TYFrameworkCellLayoutView.m */,
				A2A5D0E320BF98D600B31EE9 /* 1.png */,
			);
			path = View;
			sourceTree = "<group>";
		};
		A2AC922120C0E2A20083D931 /* ModelLayout */ = {
			isa = PBXGroup;
			children = (
				A2AC922220C0E37E0083D931 /* TYViewModelLayout.h */,
				A2AC922320C0E37E0083D931 /* TYViewModelLayout.m */,
				A2B7A7D220C5447D00003BBF /* TYFrameworkModelLayout.h */,
				A2B7A7D320C5447D00003BBF /* TYFrameworkModelLayout.m */,
			);
			path = ModelLayout;
			sourceTree = "<group>";
		};
		A2B7A78B20C4D9F500003BBF /* ProcessData */ = {
			isa = PBXGroup;
			children = (
				A2B7A78C20C4DA5800003BBF /* TYInstancaProcessData.h */,
				A2B7A78D20C4DA5800003BBF /* TYInstancaProcessData.m */,
			);
			path = ProcessData;
			sourceTree = "<group>";
		};
		A2B7A79D20C53CB000003BBF /* Material */ = {
			isa = PBXGroup;
			children = (
				A285E61120C6721D0086D15A /* 0.png */,
				A2B7A7AE20C53CF800003BBF /* 1.png */,
				A2B7A7A120C53CF700003BBF /* 2.png */,
				A2B7A7AD20C53CF800003BBF /* 3.jpg */,
				A2B7A7AA20C53CF800003BBF /* 4.png */,
				A2B7A7A720C53CF800003BBF /* 5.png */,
				A2B7A7A820C53CF800003BBF /* 6.png */,
				A2B7A7B220C53CF800003BBF /* 7.png */,
				A2B7A7B020C53CF800003BBF /* 8.png */,
				A2B7A7A220C53CF700003BBF /* 9.png */,
				A2B7A7A320C53CF700003BBF /* 10.png */,
				A2B7A7A520C53CF700003BBF /* 11.png */,
				A2B7A7B320C53CF800003BBF /* 12.png */,
				A2B7A7A020C53CF700003BBF /* 13.png */,
				A2B7A79E20C53CF700003BBF /* 14.png */,
				A2B7A7AF20C53CF800003BBF /* 15.png */,
				A2B7A7A920C53CF800003BBF /* 16.png */,
				A2B7A7B420C53CF800003BBF /* 17.png */,
				A2B7A7AB20C53CF800003BBF /* 18.png */,
				A2B7A7B720C53CF800003BBF /* 19.png */,
				A2B7A7A420C53CF700003BBF /* 20.png */,
				A2B7A7A620C53CF700003BBF /* 21.png */,
				A2B7A7B520C53CF800003BBF /* 22.png */,
				A2B7A79F20C53CF700003BBF /* 23.png */,
				A2B7A7B620C53CF800003BBF /* 24.png */,
				A2B7A7B120C53CF800003BBF /* 25.png */,
				A2B7A7AC20C53CF800003BBF /* 26.png */,
				A285E61420C6722A0086D15A /* 27.png */,
				A285E61320C6722A0086D15A /* 28.png */,
			);
			path = Material;
			sourceTree = "<group>";
		};
		A2E0218D20BE908C008EA624 /* Model */ = {
			isa = PBXGroup;
			children = (
				A2A5D0EA20BF9E2300B31EE9 /* TYInstanceDataModel.h */,
				A2A5D0EB20BF9E2300B31EE9 /* TYInstanceDataModel.m */,
				A2B7A79820C534A100003BBF /* TYFrameworkCellModel.h */,
				A2B7A79920C534A100003BBF /* TYFrameworkCellModel.m */,
				A2E0219120BE9189008EA624 /* TYModel.h */,
				A2E0219220BE9189008EA624 /* TYModel.m */,
				A2A5D0E720BF9BD900B31EE9 /* TYJsonData.h */,
				A2A5D0E820BF9BD900B31EE9 /* TYJsonData.m */,
			);
			path = Model;
			sourceTree = "<group>";
		};
		A2E0219420BE9887008EA624 /* Data */ = {
			isa = PBXGroup;
			children = (
				A2E0219520BE98DC008EA624 /* content.json */,
				A2A5D0E520BF9AAB00B31EE9 /* contentData.json */,
				A2B7A79B20C534E600003BBF /* frameworkContent.json */,
				A285E60F20C63A490086D15A /* cellData.json */,
			);
			path = Data;
			sourceTree = "<group>";
		};
/* End PBXGroup section */

/* Begin PBXNativeTarget section */
		A28227FE20BD2F0300219EAF /* architectureInstance */ = {
			isa = PBXNativeTarget;
			buildConfigurationList = A282281820BD2F0300219EAF /* Build configuration list for PBXNativeTarget "architectureInstance" */;
			buildPhases = (
				A28227FB20BD2F0300219EAF /* Sources */,
				A28227FC20BD2F0300219EAF /* Frameworks */,
				A28227FD20BD2F0300219EAF /* Resources */,
			);
			buildRules = (
			);
			dependencies = (
			);
			name = architectureInstance;
			productName = architectureInstance;
			productReference = A28227FF20BD2F0300219EAF /* architectureInstance.app */;
			productType = "com.apple.product-type.application";
		};
/* End PBXNativeTarget section */

/* Begin PBXProject section */
		A28227F720BD2F0300219EAF /* Project object */ = {
			isa = PBXProject;
			attributes = {
				LastUpgradeCheck = 0920;
				ORGANIZATIONNAME = "汤义";
				TargetAttributes = {
					A28227FE20BD2F0300219EAF = {
						CreatedOnToolsVersion = 9.2;
						ProvisioningStyle = Automatic;
					};
				};
			};
			buildConfigurationList = A28227FA20BD2F0300219EAF /* Build configuration list for PBXProject "architectureInstance" */;
			compatibilityVersion = "Xcode 8.0";
			developmentRegion = en;
			hasScannedForEncodings = 0;
			knownRegions = (
				en,
				Base,
			);
			mainGroup = A28227F620BD2F0300219EAF;
			productRefGroup = A282280020BD2F0300219EAF /* Products */;
			projectDirPath = "";
			projectRoot = "";
			targets = (
				A28227FE20BD2F0300219EAF /* architectureInstance */,
			);
		};
/* End PBXProject section */

/* Begin PBXResourcesBuildPhase section */
		A28227FD20BD2F0300219EAF /* Resources */ = {
			isa = PBXResourcesBuildPhase;
			buildActionMask = 2147483647;
			files = (
				A285E61220C6721E0086D15A /* 0.png in Resources */,
				A2B7A7CC20C53CF800003BBF /* 7.png in Resources */,
				A285E61620C6722B0086D15A /* 27.png in Resources */,
				A2B7A7CB20C53CF800003BBF /* 25.png in Resources */,
				A2B7A7D020C53CF800003BBF /* 24.png in Resources */,
				A2B7A7D120C53CF800003BBF /* 19.png in Resources */,
				A2B7A7BE20C53CF800003BBF /* 20.png in Resources */,
				A2B7A7BC20C53CF800003BBF /* 9.png in Resources */,
				A2B7A7CE20C53CF800003BBF /* 17.png in Resources */,
				A2B7A79C20C534E600003BBF /* frameworkContent.json in Resources */,
				A2B7A7C620C53CF800003BBF /* 26.png in Resources */,
				A2B7A7BD20C53CF800003BBF /* 10.png in Resources */,
				A282281220BD2F0300219EAF /* LaunchScreen.storyboard in Resources */,
				A2B7A7C020C53CF800003BBF /* 21.png in Resources */,
				A2B7A7C220C53CF800003BBF /* 6.png in Resources */,
				A2B7A7BF20C53CF800003BBF /* 11.png in Resources */,
				A2B7A7C320C53CF800003BBF /* 16.png in Resources */,
				A2B7A7CA20C53CF800003BBF /* 8.png in Resources */,
				A2B7A7BB20C53CF800003BBF /* 2.png in Resources */,
				A2B7A7C720C53CF800003BBF /* 3.jpg in Resources */,
				A2B7A7C520C53CF800003BBF /* 18.png in Resources */,
				A2B7A7CD20C53CF800003BBF /* 12.png in Resources */,
				A2B7A7BA20C53CF800003BBF /* 13.png in Resources */,
				A282280F20BD2F0300219EAF /* Assets.xcassets in Resources */,
				A2B7A7C920C53CF800003BBF /* 15.png in Resources */,
				A2B7A7B820C53CF800003BBF /* 14.png in Resources */,
				A285E61520C6722B0086D15A /* 28.png in Resources */,
				A2B7A7C420C53CF800003BBF /* 4.png in Resources */,
				A2E0219620BE98DC008EA624 /* content.json in Resources */,
				A2A5D0E420BF98D600B31EE9 /* 1.png in Resources */,
				A2B7A7CF20C53CF800003BBF /* 22.png in Resources */,
				A2B7A7C120C53CF800003BBF /* 5.png in Resources */,
				A2B7A7C820C53CF800003BBF /* 1.png in Resources */,
				A2B7A7B920C53CF800003BBF /* 23.png in Resources */,
				A285E61020C63A490086D15A /* cellData.json in Resources */,
				A2A5D0E620BF9AAB00B31EE9 /* contentData.json in Resources */,
			);
			runOnlyForDeploymentPostprocessing = 0;
		};
/* End PBXResourcesBuildPhase section */

/* Begin PBXSourcesBuildPhase section */
		A28227FB20BD2F0300219EAF /* Sources */ = {
			isa = PBXSourcesBuildPhase;
			buildActionMask = 2147483647;
			files = (
				A285E61920C6808B0086D15A /* TYImageViewViewController.m in Sources */,
				A2A5D0E920BF9BD900B31EE9 /* TYJsonData.m in Sources */,
				A282283620BD30A600219EAF /* TYFrameworkViewController.m in Sources */,
				A2B7A79720C52BCB00003BBF /* TYFrameworkCellLayoutView.m in Sources */,
				A282283520BD30A600219EAF /* SKFFPSLabel.m in Sources */,
				A2E0219320BE9189008EA624 /* TYModel.m in Sources */,
				A282283720BD30A600219EAF /* TYViewController.m in Sources */,
				A282280D20BD2F0300219EAF /* architectureInstance.xcdatamodeld in Sources */,
				A2AC922420C0E37E0083D931 /* TYViewModelLayout.m in Sources */,
				A282281520BD2F0300219EAF /* main.m in Sources */,
				A2B7A79120C51D6900003BBF /* TYFrameworkCellViewController.m in Sources */,
				A282283A20BD30A600219EAF /* ViewController.m in Sources */,
				A282283920BD30A600219EAF /* TYSubclassTableViewCell.m in Sources */,
				A2B7A79420C52A5E00003BBF /* TYFrameworkCellTableViewCell.m in Sources */,
				A282281E20BD306B00219EAF /* UIView+add.m in Sources */,
				A282280420BD2F0300219EAF /* AppDelegate.m in Sources */,
				A2E0219B20BEA2D0008EA624 /* TYInstanceLayoutView.m in Sources */,
				A2B7A78E20C4DA5800003BBF /* TYInstancaProcessData.m in Sources */,
				A2B7A79A20C534A100003BBF /* TYFrameworkCellModel.m in Sources */,
				A282283820BD30A600219EAF /* TYCommonalityViewController.m in Sources */,
				A2E0218C20BE8FDA008EA624 /* TYInstancePlatformView.m in Sources */,
				A2B7A7D420C5447D00003BBF /* TYFrameworkModelLayout.m in Sources */,
				A2A5D0EC20BF9E2300B31EE9 /* TYInstanceDataModel.m in Sources */,
				A282283B20BD30A600219EAF /* TYTableViewCell.m in Sources */,
			);
			runOnlyForDeploymentPostprocessing = 0;
		};
/* End PBXSourcesBuildPhase section */

/* Begin PBXVariantGroup section */
		A282281020BD2F0300219EAF /* LaunchScreen.storyboard */ = {
			isa = PBXVariantGroup;
			children = (
				A282281120BD2F0300219EAF /* Base */,
			);
			name = LaunchScreen.storyboard;
			sourceTree = "<group>";
		};
/* End PBXVariantGroup section */

/* Begin XCBuildConfiguration section */
		A282281620BD2F0300219EAF /* Debug */ = {
			isa = XCBuildConfiguration;
			buildSettings = {
				ALWAYS_SEARCH_USER_PATHS = NO;
				CLANG_ANALYZER_NONNULL = YES;
				CLANG_ANALYZER_NUMBER_OBJECT_CONVERSION = YES_AGGRESSIVE;
				CLANG_CXX_LANGUAGE_STANDARD = "gnu++14";
				CLANG_CXX_LIBRARY = "libc++";
				CLANG_ENABLE_MODULES = YES;
				CLANG_ENABLE_OBJC_ARC = YES;
				CLANG_WARN_BLOCK_CAPTURE_AUTORELEASING = YES;
				CLANG_WARN_BOOL_CONVERSION = YES;
				CLANG_WARN_COMMA = YES;
				CLANG_WARN_CONSTANT_CONVERSION = YES;
				CLANG_WARN_DIRECT_OBJC_ISA_USAGE = YES_ERROR;
				CLANG_WARN_DOCUMENTATION_COMMENTS = YES;
				CLANG_WARN_EMPTY_BODY = YES;
				CLANG_WARN_ENUM_CONVERSION = YES;
				CLANG_WARN_INFINITE_RECURSION = YES;
				CLANG_WARN_INT_CONVERSION = YES;
				CLANG_WARN_NON_LITERAL_NULL_CONVERSION = YES;
				CLANG_WARN_OBJC_LITERAL_CONVERSION = YES;
				CLANG_WARN_OBJC_ROOT_CLASS = YES_ERROR;
				CLANG_WARN_RANGE_LOOP_ANALYSIS = YES;
				CLANG_WARN_STRICT_PROTOTYPES = YES;
				CLANG_WARN_SUSPICIOUS_MOVE = YES;
				CLANG_WARN_UNGUARDED_AVAILABILITY = YES_AGGRESSIVE;
				CLANG_WARN_UNREACHABLE_CODE = YES;
				CLANG_WARN__DUPLICATE_METHOD_MATCH = YES;
				CODE_SIGN_IDENTITY = "iPhone Developer";
				COPY_PHASE_STRIP = NO;
				DEBUG_INFORMATION_FORMAT = dwarf;
				ENABLE_STRICT_OBJC_MSGSEND = YES;
				ENABLE_TESTABILITY = YES;
				GCC_C_LANGUAGE_STANDARD = gnu11;
				GCC_DYNAMIC_NO_PIC = NO;
				GCC_NO_COMMON_BLOCKS = YES;
				GCC_OPTIMIZATION_LEVEL = 0;
				GCC_PREPROCESSOR_DEFINITIONS = (
					"DEBUG=1",
					"$(inherited)",
				);
				GCC_WARN_64_TO_32_BIT_CONVERSION = YES;
				GCC_WARN_ABOUT_RETURN_TYPE = YES_ERROR;
				GCC_WARN_UNDECLARED_SELECTOR = YES;
				GCC_WARN_UNINITIALIZED_AUTOS = YES_AGGRESSIVE;
				GCC_WARN_UNUSED_FUNCTION = YES;
				GCC_WARN_UNUSED_VARIABLE = YES;
				IPHONEOS_DEPLOYMENT_TARGET = 11.2;
				MTL_ENABLE_DEBUG_INFO = YES;
				ONLY_ACTIVE_ARCH = YES;
				SDKROOT = iphoneos;
			};
			name = Debug;
		};
		A282281720BD2F0300219EAF /* Release */ = {
			isa = XCBuildConfiguration;
			buildSettings = {
				ALWAYS_SEARCH_USER_PATHS = NO;
				CLANG_ANALYZER_NONNULL = YES;
				CLANG_ANALYZER_NUMBER_OBJECT_CONVERSION = YES_AGGRESSIVE;
				CLANG_CXX_LANGUAGE_STANDARD = "gnu++14";
				CLANG_CXX_LIBRARY = "libc++";
				CLANG_ENABLE_MODULES = YES;
				CLANG_ENABLE_OBJC_ARC = YES;
				CLANG_WARN_BLOCK_CAPTURE_AUTORELEASING = YES;
				CLANG_WARN_BOOL_CONVERSION = YES;
				CLANG_WARN_COMMA = YES;
				CLANG_WARN_CONSTANT_CONVERSION = YES;
				CLANG_WARN_DIRECT_OBJC_ISA_USAGE = YES_ERROR;
				CLANG_WARN_DOCUMENTATION_COMMENTS = YES;
				CLANG_WARN_EMPTY_BODY = YES;
				CLANG_WARN_ENUM_CONVERSION = YES;
				CLANG_WARN_INFINITE_RECURSION = YES;
				CLANG_WARN_INT_CONVERSION = YES;
				CLANG_WARN_NON_LITERAL_NULL_CONVERSION = YES;
				CLANG_WARN_OBJC_LITERAL_CONVERSION = YES;
				CLANG_WARN_OBJC_ROOT_CLASS = YES_ERROR;
				CLANG_WARN_RANGE_LOOP_ANALYSIS = YES;
				CLANG_WARN_STRICT_PROTOTYPES = YES;
				CLANG_WARN_SUSPICIOUS_MOVE = YES;
				CLANG_WARN_UNGUARDED_AVAILABILITY = YES_AGGRESSIVE;
				CLANG_WARN_UNREACHABLE_CODE = YES;
				CLANG_WARN__DUPLICATE_METHOD_MATCH = YES;
				CODE_SIGN_IDENTITY = "iPhone Developer";
				COPY_PHASE_STRIP = NO;
				DEBUG_INFORMATION_FORMAT = "dwarf-with-dsym";
				ENABLE_NS_ASSERTIONS = NO;
				ENABLE_STRICT_OBJC_MSGSEND = YES;
				GCC_C_LANGUAGE_STANDARD = gnu11;
				GCC_NO_COMMON_BLOCKS = YES;
				GCC_WARN_64_TO_32_BIT_CONVERSION = YES;
				GCC_WARN_ABOUT_RETURN_TYPE = YES_ERROR;
				GCC_WARN_UNDECLARED_SELECTOR = YES;
				GCC_WARN_UNINITIALIZED_AUTOS = YES_AGGRESSIVE;
				GCC_WARN_UNUSED_FUNCTION = YES;
				GCC_WARN_UNUSED_VARIABLE = YES;
				IPHONEOS_DEPLOYMENT_TARGET = 11.2;
				MTL_ENABLE_DEBUG_INFO = NO;
				SDKROOT = iphoneos;
				VALIDATE_PRODUCT = YES;
			};
			name = Release;
		};
		A282281920BD2F0300219EAF /* Debug */ = {
			isa = XCBuildConfiguration;
			buildSettings = {
				ASSETCATALOG_COMPILER_APPICON_NAME = AppIcon;
				CODE_SIGN_STYLE = Automatic;
				DEVELOPMENT_TEAM = N5WRHCE748;
				GCC_PREFIX_HEADER = "$(SRCROOT)/architectureInstance/Introduction.h";
				INFOPLIST_FILE = architectureInstance/Info.plist;
				IPHONEOS_DEPLOYMENT_TARGET = 8.0;
				LD_RUNPATH_SEARCH_PATHS = "$(inherited) @executable_path/Frameworks";
				PRODUCT_BUNDLE_IDENTIFIER = "Users-xiyin-desktop-name.architectureInstance";
				PRODUCT_NAME = "$(TARGET_NAME)";
				TARGETED_DEVICE_FAMILY = "1,2";
			};
			name = Debug;
		};
		A282281A20BD2F0300219EAF /* Release */ = {
			isa = XCBuildConfiguration;
			buildSettings = {
				ASSETCATALOG_COMPILER_APPICON_NAME = AppIcon;
				CODE_SIGN_STYLE = Automatic;
				DEVELOPMENT_TEAM = N5WRHCE748;
				GCC_PREFIX_HEADER = "$(SRCROOT)/architectureInstance/Introduction.h";
				INFOPLIST_FILE = architectureInstance/Info.plist;
				IPHONEOS_DEPLOYMENT_TARGET = 8.0;
				LD_RUNPATH_SEARCH_PATHS = "$(inherited) @executable_path/Frameworks";
				PRODUCT_BUNDLE_IDENTIFIER = "Users-xiyin-desktop-name.architectureInstance";
				PRODUCT_NAME = "$(TARGET_NAME)";
				TARGETED_DEVICE_FAMILY = "1,2";
			};
			name = Release;
		};
/* End XCBuildConfiguration section */

/* Begin XCConfigurationList section */
		A28227FA20BD2F0300219EAF /* Build configuration list for PBXProject "architectureInstance" */ = {
			isa = XCConfigurationList;
			buildConfigurations = (
				A282281620BD2F0300219EAF /* Debug */,
				A282281720BD2F0300219EAF /* Release */,
			);
			defaultConfigurationIsVisible = 0;
			defaultConfigurationName = Release;
		};
		A282281820BD2F0300219EAF /* Build configuration list for PBXNativeTarget "architectureInstance" */ = {
			isa = XCConfigurationList;
			buildConfigurations = (
				A282281920BD2F0300219EAF /* Debug */,
				A282281A20BD2F0300219EAF /* Release */,
			);
			defaultConfigurationIsVisible = 0;
			defaultConfigurationName = Release;
		};
/* End XCConfigurationList section */

/* Begin XCVersionGroup section */
		A282280B20BD2F0300219EAF /* architectureInstance.xcdatamodeld */ = {
			isa = XCVersionGroup;
			children = (
				A282280C20BD2F0300219EAF /* architectureInstance.xcdatamodel */,
			);
			currentVersion = A282280C20BD2F0300219EAF /* architectureInstance.xcdatamodel */;
			path = architectureInstance.xcdatamodeld;
			sourceTree = "<group>";
			versionGroupType = wrapper.xcdatamodel;
		};
/* End XCVersionGroup section */
	};
	rootObject = A28227F720BD2F0300219EAF /* Project object */;
}
